
Microsoft Visual Studio Solution File, Format Version 12.00
# Visual Studio Version 17
VisualStudioVersion = 17.5.33530.505
MinimumVisualStudioVersion = 10.0.40219.1
Project("{9A19103F-16F7-4668-BE54-9A1E7A4F7556}") = "dsi_ppai_maui", "dsi_ppai_maui.csproj", "{C56F3599-2716-4348-83F5-2C6591451C42}"
EndProject
Global
	GlobalSection(SolutionConfigurationPlatforms) = preSolution
		Debug|Any CPU = Debug|Any CPU
		Release|Any CPU = Release|Any CPU
	EndGlobalSection
	GlobalSection(ProjectConfigurationPlatforms) = postSolution
		{C56F3599-2716-4348-83F5-2C6591451C42}.Debug|Any CPU.ActiveCfg = Debug|Any CPU
		{C56F3599-2716-4348-83F5-2C6591451C42}.Debug|Any CPU.Build.0 = Debug|Any CPU
		{C56F3599-2716-4348-83F5-2C6591451C42}.Debug|Any CPU.Deploy.0 = Debug|Any CPU
		{C56F3599-2716-4348-83F5-2C6591451C42}.Release|Any CPU.ActiveCfg = Release|Any CPU
		{C56F3599-2716-4348-83F5-2C6591451C42}.Release|Any CPU.Build.0 = Release|Any CPU
		{C56F3599-2716-4348-83F5-2C6591451C42}.Release|Any CPU.Deploy.0 = Release|Any CPU
	EndGlobalSection
	GlobalSection(SolutionProperties) = preSolution
		HideSolutionNode = FALSE
	EndGlobalSection
	GlobalSection(ExtensibilityGlobals) = postSolution
		SolutionGuid = {98AD79E6-6961-48C0-9B31-D8232858D7E6}
	EndGlobalSection
EndGlobal
